
Microsoft Visual Studio Solution File, Format Version 10.00
# Visual Studio 2008
Project("{FAE04EC0-301F-11D3-BF4B-00C04F79EFBC}") = "SSCRM", "SSCRM\SSCRM.csproj", "{AD61A4F8-1E08-4EAB-A491-5ECD8BB0917C}"
EndProject
Project("{FAE04EC0-301F-11D3-BF4B-00C04F79EFBC}") = "SDMS", "SDMS\SDMS.csproj", "{3B43710D-1978-4C4D-9DFC-17699ADCF29A}"
EndProject
Project("{FAE04EC0-301F-11D3-BF4B-00C04F79EFBC}") = "SSAdmin", "SSAdmin\SSAdmin.csproj", "{7D0E91B6-7336-4FDD-9BB1-03137BE519B5}"
EndProject
Project("{FAE04EC0-301F-11D3-BF4B-00C04F79EFBC}") = "SSCRMDB", "SSCRMDB\SSCRMDB.csproj", "{25D7E564-F1F1-49EB-A8C2-B532888B1D76}"
EndProject
Project("{FAE04EC0-301F-11D3-BF4B-00C04F79EFBC}") = "SSTrans", "SSTrans\SSTrans.csproj", "{AE7D3FAC-8F40-4925-A09B-99607691E49C}"
EndProject
Project("{54435603-DBB4-11D2-8724-00A0C9A8B90C}") = "SSCRMSetup", "SSCRMSetup\SSCRMSetup.vdproj", "{39286E9F-7D75-435B-89D8-8A6AA9EEEA55}"
EndProject
Project("{FAE04EC0-301F-11D3-BF4B-00C04F79EFBC}") = "ZkFingerDemo", "FINGERPRINT\ZkFingerDemo.csproj", "{0DC0EF56-85C7-4484-9877-5580C49B4267}"
EndProject
Global
	GlobalSection(SolutionConfigurationPlatforms) = preSolution
		Debug|Any CPU = Debug|Any CPU
		Release|Any CPU = Release|Any CPU
	EndGlobalSection
	GlobalSection(ProjectConfigurationPlatforms) = postSolution
		{AD61A4F8-1E08-4EAB-A491-5ECD8BB0917C}.Debug|Any CPU.ActiveCfg = Debug|Any CPU
		{AD61A4F8-1E08-4EAB-A491-5ECD8BB0917C}.Debug|Any CPU.Build.0 = Debug|Any CPU
		{AD61A4F8-1E08-4EAB-A491-5ECD8BB0917C}.Release|Any CPU.ActiveCfg = Release|Any CPU
		{AD61A4F8-1E08-4EAB-A491-5ECD8BB0917C}.Release|Any CPU.Build.0 = Release|Any CPU
		{3B43710D-1978-4C4D-9DFC-17699ADCF29A}.Debug|Any CPU.ActiveCfg = Debug|Any CPU
		{3B43710D-1978-4C4D-9DFC-17699ADCF29A}.Debug|Any CPU.Build.0 = Debug|Any CPU
		{3B43710D-1978-4C4D-9DFC-17699ADCF29A}.Release|Any CPU.ActiveCfg = Release|Any CPU
		{3B43710D-1978-4C4D-9DFC-17699ADCF29A}.Release|Any CPU.Build.0 = Release|Any CPU
		{7D0E91B6-7336-4FDD-9BB1-03137BE519B5}.Debug|Any CPU.ActiveCfg = Debug|Any CPU
		{7D0E91B6-7336-4FDD-9BB1-03137BE519B5}.Debug|Any CPU.Build.0 = Debug|Any CPU
		{7D0E91B6-7336-4FDD-9BB1-03137BE519B5}.Release|Any CPU.ActiveCfg = Release|Any CPU
		{7D0E91B6-7336-4FDD-9BB1-03137BE519B5}.Release|Any CPU.Build.0 = Release|Any CPU
		{25D7E564-F1F1-49EB-A8C2-B532888B1D76}.Debug|Any CPU.ActiveCfg = Debug|Any CPU
		{25D7E564-F1F1-49EB-A8C2-B532888B1D76}.Debug|Any CPU.Build.0 = Debug|Any CPU
		{25D7E564-F1F1-49EB-A8C2-B532888B1D76}.Release|Any CPU.ActiveCfg = Release|Any CPU
		{25D7E564-F1F1-49EB-A8C2-B532888B1D76}.Release|Any CPU.Build.0 = Release|Any CPU
		{AE7D3FAC-8F40-4925-A09B-99607691E49C}.Debug|Any CPU.ActiveCfg = Debug|Any CPU
		{AE7D3FAC-8F40-4925-A09B-99607691E49C}.Debug|Any CPU.Build.0 = Debug|Any CPU
		{AE7D3FAC-8F40-4925-A09B-99607691E49C}.Release|Any CPU.ActiveCfg = Release|Any CPU
		{AE7D3FAC-8F40-4925-A09B-99607691E49C}.Release|Any CPU.Build.0 = Release|Any CPU
		{39286E9F-7D75-435B-89D8-8A6AA9EEEA55}.Debug|Any CPU.ActiveCfg = Debug
		{39286E9F-7D75-435B-89D8-8A6AA9EEEA55}.Debug|Any CPU.Build.0 = Debug
		{39286E9F-7D75-435B-89D8-8A6AA9EEEA55}.Release|Any CPU.ActiveCfg = Release
		{39286E9F-7D75-435B-89D8-8A6AA9EEEA55}.Release|Any CPU.Build.0 = Release
		{0DC0EF56-85C7-4484-9877-5580C49B4267}.Debug|Any CPU.ActiveCfg = Debug|Any CPU
		{0DC0EF56-85C7-4484-9877-5580C49B4267}.Debug|Any CPU.Build.0 = Debug|Any CPU
		{0DC0EF56-85C7-4484-9877-5580C49B4267}.Release|Any CPU.ActiveCfg = Release|Any CPU
		{0DC0EF56-85C7-4484-9877-5580C49B4267}.Release|Any CPU.Build.0 = Release|Any CPU
	EndGlobalSection
	GlobalSection(SolutionProperties) = preSolution
		HideSolutionNode = FALSE
	EndGlobalSection
	GlobalSection(ExtensibilityGlobals) = postSolution
		VisualSVNWorkingCopyRoot = .
	EndGlobalSection
EndGlobal
